{
  "requires": true,
  "lockfileVersion": 1,
  "dependencies": {
    "aframe-text-geometry-component": {
      "version": "0.5.1",
      "resolved": "https://registry.npmjs.org/aframe-text-geometry-component/-/aframe-text-geometry-component-0.5.1.tgz",
      "integrity": "sha1-xQJOGCqpb1SM1/6m5T3Ue39vdTo="
    }
  }
}
